
Microsoft Visual Studio Solution File, Format Version 12.00
# Visual Studio Version 16
VisualStudioVersion = 16.0.29613.14
MinimumVisualStudioVersion = 10.0.40219.1
Project("{9A19103F-16F7-4668-BE54-9A1E7A4F7556}") = "Engine", "Engine\Engine.csproj", "{303329F6-C910-4043-81E5-5080659ECB28}"
EndProject
Project("{9A19103F-16F7-4668-BE54-9A1E7A4F7556}") = "Net3dBool", "External\Net3dBool\src\Net3dBool\Net3dBool.csproj", "{09162E62-8F7B-4468-902D-C2253C45D4A1}"
EndProject
Project("{9A19103F-16F7-4668-BE54-9A1E7A4F7556}") = "Common", "Common\Common.csproj", "{709018FD-7E2D-4AA0-9EC6-7C67B9D902FE}"
EndProject
Project("{9A19103F-16F7-4668-BE54-9A1E7A4F7556}") = "Render", "Render\Render.csproj", "{3B41CDF5-4512-46AF-BAA4-E6F3B5B3F87C}"
EndProject
Project("{9A19103F-16F7-4668-BE54-9A1E7A4F7556}") = "Demo", "Demo\Demo.csproj", "{FBB4132B-0C20-43AA-BD53-0DFAC8E7F693}"
EndProject
Project("{9A19103F-16F7-4668-BE54-9A1E7A4F7556}") = "Tests", "Tests\Tests.csproj", "{DC37544D-1146-4771-AF8C-8CEC4079C913}"
EndProject
Project("{9A19103F-16F7-4668-BE54-9A1E7A4F7556}") = "Aximo.Nuget", "props\Aximo.Nuget.csproj", "{C335F6B9-4BBA-47F5-92CB-E89C96F19298}"
EndProject
Project("{2150E333-8FDC-42A3-9474-1A3956D46DE8}") = "Audio", "Audio", "{28FE8A84-781D-4306-A251-477A34B4B634}"
EndProject
Project("{9A19103F-16F7-4668-BE54-9A1E7A4F7556}") = "Aximo.Audio.Rack", "Aximo.AudioRack\Aximo.Audio.Rack\Aximo.Audio.Rack.csproj", "{FBF44B2D-02B6-4769-85E1-E1805ADADEAF}"
EndProject
Project("{9A19103F-16F7-4668-BE54-9A1E7A4F7556}") = "Aximo.Audio.Rack.Gui", "Aximo.AudioRack\Aximo.Audio.Rack.Gui\Aximo.Audio.Rack.Gui.csproj", "{4E939DB3-928D-4034-AB23-6E73351F513E}"
EndProject
Project("{9A19103F-16F7-4668-BE54-9A1E7A4F7556}") = "Aximo.Audio.Rack.Modules", "Aximo.AudioRack\Aximo.Audio.Rack.Modules\Aximo.Audio.Rack.Modules.csproj", "{2F8D1134-6562-49C3-BF3D-BA37530701E2}"
EndProject
Global
	GlobalSection(SolutionConfigurationPlatforms) = preSolution
		Debug|Any CPU = Debug|Any CPU
		Debug|x64 = Debug|x64
		Debug|x86 = Debug|x86
		Release|Any CPU = Release|Any CPU
		Release|x64 = Release|x64
		Release|x86 = Release|x86
	EndGlobalSection
	GlobalSection(ProjectConfigurationPlatforms) = postSolution
		{303329F6-C910-4043-81E5-5080659ECB28}.Debug|Any CPU.ActiveCfg = Debug|Any CPU
		{303329F6-C910-4043-81E5-5080659ECB28}.Debug|Any CPU.Build.0 = Debug|Any CPU
		{303329F6-C910-4043-81E5-5080659ECB28}.Debug|x64.ActiveCfg = Debug|Any CPU
		{303329F6-C910-4043-81E5-5080659ECB28}.Debug|x64.Build.0 = Debug|Any CPU
		{303329F6-C910-4043-81E5-5080659ECB28}.Debug|x86.ActiveCfg = Debug|Any CPU
		{303329F6-C910-4043-81E5-5080659ECB28}.Debug|x86.Build.0 = Debug|Any CPU
		{303329F6-C910-4043-81E5-5080659ECB28}.Release|Any CPU.ActiveCfg = Release|Any CPU
		{303329F6-C910-4043-81E5-5080659ECB28}.Release|Any CPU.Build.0 = Release|Any CPU
		{303329F6-C910-4043-81E5-5080659ECB28}.Release|x64.ActiveCfg = Release|Any CPU
		{303329F6-C910-4043-81E5-5080659ECB28}.Release|x64.Build.0 = Release|Any CPU
		{303329F6-C910-4043-81E5-5080659ECB28}.Release|x86.ActiveCfg = Release|Any CPU
		{303329F6-C910-4043-81E5-5080659ECB28}.Release|x86.Build.0 = Release|Any CPU
		{09162E62-8F7B-4468-902D-C2253C45D4A1}.Debug|Any CPU.ActiveCfg = Debug|Any CPU
		{09162E62-8F7B-4468-902D-C2253C45D4A1}.Debug|Any CPU.Build.0 = Debug|Any CPU
		{09162E62-8F7B-4468-902D-C2253C45D4A1}.Debug|x64.ActiveCfg = Debug|Any CPU
		{09162E62-8F7B-4468-902D-C2253C45D4A1}.Debug|x64.Build.0 = Debug|Any CPU
		{09162E62-8F7B-4468-902D-C2253C45D4A1}.Debug|x86.ActiveCfg = Debug|Any CPU
		{09162E62-8F7B-4468-902D-C2253C45D4A1}.Debug|x86.Build.0 = Debug|Any CPU
		{09162E62-8F7B-4468-902D-C2253C45D4A1}.Release|Any CPU.ActiveCfg = Release|Any CPU
		{09162E62-8F7B-4468-902D-C2253C45D4A1}.Release|Any CPU.Build.0 = Release|Any CPU
		{09162E62-8F7B-4468-902D-C2253C45D4A1}.Release|x64.ActiveCfg = Release|Any CPU
		{09162E62-8F7B-4468-902D-C2253C45D4A1}.Release|x64.Build.0 = Release|Any CPU
		{09162E62-8F7B-4468-902D-C2253C45D4A1}.Release|x86.ActiveCfg = Release|Any CPU
		{09162E62-8F7B-4468-902D-C2253C45D4A1}.Release|x86.Build.0 = Release|Any CPU
		{709018FD-7E2D-4AA0-9EC6-7C67B9D902FE}.Debug|Any CPU.ActiveCfg = Debug|Any CPU
		{709018FD-7E2D-4AA0-9EC6-7C67B9D902FE}.Debug|Any CPU.Build.0 = Debug|Any CPU
		{709018FD-7E2D-4AA0-9EC6-7C67B9D902FE}.Debug|x64.ActiveCfg = Debug|Any CPU
		{709018FD-7E2D-4AA0-9EC6-7C67B9D902FE}.Debug|x64.Build.0 = Debug|Any CPU
		{709018FD-7E2D-4AA0-9EC6-7C67B9D902FE}.Debug|x86.ActiveCfg = Debug|Any CPU
		{709018FD-7E2D-4AA0-9EC6-7C67B9D902FE}.Debug|x86.Build.0 = Debug|Any CPU
		{709018FD-7E2D-4AA0-9EC6-7C67B9D902FE}.Release|Any CPU.ActiveCfg = Release|Any CPU
		{709018FD-7E2D-4AA0-9EC6-7C67B9D902FE}.Release|Any CPU.Build.0 = Release|Any CPU
		{709018FD-7E2D-4AA0-9EC6-7C67B9D902FE}.Release|x64.ActiveCfg = Release|Any CPU
		{709018FD-7E2D-4AA0-9EC6-7C67B9D902FE}.Release|x64.Build.0 = Release|Any CPU
		{709018FD-7E2D-4AA0-9EC6-7C67B9D902FE}.Release|x86.ActiveCfg = Release|Any CPU
		{709018FD-7E2D-4AA0-9EC6-7C67B9D902FE}.Release|x86.Build.0 = Release|Any CPU
		{3B41CDF5-4512-46AF-BAA4-E6F3B5B3F87C}.Debug|Any CPU.ActiveCfg = Debug|Any CPU
		{3B41CDF5-4512-46AF-BAA4-E6F3B5B3F87C}.Debug|Any CPU.Build.0 = Debug|Any CPU
		{3B41CDF5-4512-46AF-BAA4-E6F3B5B3F87C}.Debug|x64.ActiveCfg = Debug|Any CPU
		{3B41CDF5-4512-46AF-BAA4-E6F3B5B3F87C}.Debug|x64.Build.0 = Debug|Any CPU
		{3B41CDF5-4512-46AF-BAA4-E6F3B5B3F87C}.Debug|x86.ActiveCfg = Debug|Any CPU
		{3B41CDF5-4512-46AF-BAA4-E6F3B5B3F87C}.Debug|x86.Build.0 = Debug|Any CPU
		{3B41CDF5-4512-46AF-BAA4-E6F3B5B3F87C}.Release|Any CPU.ActiveCfg = Release|Any CPU
		{3B41CDF5-4512-46AF-BAA4-E6F3B5B3F87C}.Release|Any CPU.Build.0 = Release|Any CPU
		{3B41CDF5-4512-46AF-BAA4-E6F3B5B3F87C}.Release|x64.ActiveCfg = Release|Any CPU
		{3B41CDF5-4512-46AF-BAA4-E6F3B5B3F87C}.Release|x64.Build.0 = Release|Any CPU
		{3B41CDF5-4512-46AF-BAA4-E6F3B5B3F87C}.Release|x86.ActiveCfg = Release|Any CPU
		{3B41CDF5-4512-46AF-BAA4-E6F3B5B3F87C}.Release|x86.Build.0 = Release|Any CPU
		{FBB4132B-0C20-43AA-BD53-0DFAC8E7F693}.Debug|Any CPU.ActiveCfg = Debug|Any CPU
		{FBB4132B-0C20-43AA-BD53-0DFAC8E7F693}.Debug|Any CPU.Build.0 = Debug|Any CPU
		{FBB4132B-0C20-43AA-BD53-0DFAC8E7F693}.Debug|x64.ActiveCfg = Debug|Any CPU
		{FBB4132B-0C20-43AA-BD53-0DFAC8E7F693}.Debug|x64.Build.0 = Debug|Any CPU
		{FBB4132B-0C20-43AA-BD53-0DFAC8E7F693}.Debug|x86.ActiveCfg = Debug|Any CPU
		{FBB4132B-0C20-43AA-BD53-0DFAC8E7F693}.Debug|x86.Build.0 = Debug|Any CPU
		{FBB4132B-0C20-43AA-BD53-0DFAC8E7F693}.Release|Any CPU.ActiveCfg = Release|Any CPU
		{FBB4132B-0C20-43AA-BD53-0DFAC8E7F693}.Release|Any CPU.Build.0 = Release|Any CPU
		{FBB4132B-0C20-43AA-BD53-0DFAC8E7F693}.Release|x64.ActiveCfg = Release|Any CPU
		{FBB4132B-0C20-43AA-BD53-0DFAC8E7F693}.Release|x64.Build.0 = Release|Any CPU
		{FBB4132B-0C20-43AA-BD53-0DFAC8E7F693}.Release|x86.ActiveCfg = Release|Any CPU
		{FBB4132B-0C20-43AA-BD53-0DFAC8E7F693}.Release|x86.Build.0 = Release|Any CPU
		{DC37544D-1146-4771-AF8C-8CEC4079C913}.Debug|Any CPU.ActiveCfg = Debug|Any CPU
		{DC37544D-1146-4771-AF8C-8CEC4079C913}.Debug|Any CPU.Build.0 = Debug|Any CPU
		{DC37544D-1146-4771-AF8C-8CEC4079C913}.Debug|x64.ActiveCfg = Debug|Any CPU
		{DC37544D-1146-4771-AF8C-8CEC4079C913}.Debug|x64.Build.0 = Debug|Any CPU
		{DC37544D-1146-4771-AF8C-8CEC4079C913}.Debug|x86.ActiveCfg = Debug|Any CPU
		{DC37544D-1146-4771-AF8C-8CEC4079C913}.Debug|x86.Build.0 = Debug|Any CPU
		{DC37544D-1146-4771-AF8C-8CEC4079C913}.Release|Any CPU.ActiveCfg = Release|Any CPU
		{DC37544D-1146-4771-AF8C-8CEC4079C913}.Release|Any CPU.Build.0 = Release|Any CPU
		{DC37544D-1146-4771-AF8C-8CEC4079C913}.Release|x64.ActiveCfg = Release|Any CPU
		{DC37544D-1146-4771-AF8C-8CEC4079C913}.Release|x64.Build.0 = Release|Any CPU
		{DC37544D-1146-4771-AF8C-8CEC4079C913}.Release|x86.ActiveCfg = Release|Any CPU
		{DC37544D-1146-4771-AF8C-8CEC4079C913}.Release|x86.Build.0 = Release|Any CPU
		{C335F6B9-4BBA-47F5-92CB-E89C96F19298}.Debug|Any CPU.ActiveCfg = Debug|Any CPU
		{C335F6B9-4BBA-47F5-92CB-E89C96F19298}.Debug|Any CPU.Build.0 = Debug|Any CPU
		{C335F6B9-4BBA-47F5-92CB-E89C96F19298}.Debug|x64.ActiveCfg = Debug|Any CPU
		{C335F6B9-4BBA-47F5-92CB-E89C96F19298}.Debug|x64.Build.0 = Debug|Any CPU
		{C335F6B9-4BBA-47F5-92CB-E89C96F19298}.Debug|x86.ActiveCfg = Debug|Any CPU
		{C335F6B9-4BBA-47F5-92CB-E89C96F19298}.Debug|x86.Build.0 = Debug|Any CPU
		{C335F6B9-4BBA-47F5-92CB-E89C96F19298}.Release|Any CPU.ActiveCfg = Release|Any CPU
		{C335F6B9-4BBA-47F5-92CB-E89C96F19298}.Release|Any CPU.Build.0 = Release|Any CPU
		{C335F6B9-4BBA-47F5-92CB-E89C96F19298}.Release|x64.ActiveCfg = Release|Any CPU
		{C335F6B9-4BBA-47F5-92CB-E89C96F19298}.Release|x64.Build.0 = Release|Any CPU
		{C335F6B9-4BBA-47F5-92CB-E89C96F19298}.Release|x86.ActiveCfg = Release|Any CPU
		{C335F6B9-4BBA-47F5-92CB-E89C96F19298}.Release|x86.Build.0 = Release|Any CPU
		{FBF44B2D-02B6-4769-85E1-E1805ADADEAF}.Debug|Any CPU.ActiveCfg = Debug|Any CPU
		{FBF44B2D-02B6-4769-85E1-E1805ADADEAF}.Debug|Any CPU.Build.0 = Debug|Any CPU
		{FBF44B2D-02B6-4769-85E1-E1805ADADEAF}.Debug|x64.ActiveCfg = Debug|Any CPU
		{FBF44B2D-02B6-4769-85E1-E1805ADADEAF}.Debug|x64.Build.0 = Debug|Any CPU
		{FBF44B2D-02B6-4769-85E1-E1805ADADEAF}.Debug|x86.ActiveCfg = Debug|Any CPU
		{FBF44B2D-02B6-4769-85E1-E1805ADADEAF}.Debug|x86.Build.0 = Debug|Any CPU
		{FBF44B2D-02B6-4769-85E1-E1805ADADEAF}.Release|Any CPU.ActiveCfg = Release|Any CPU
		{FBF44B2D-02B6-4769-85E1-E1805ADADEAF}.Release|Any CPU.Build.0 = Release|Any CPU
		{FBF44B2D-02B6-4769-85E1-E1805ADADEAF}.Release|x64.ActiveCfg = Release|Any CPU
		{FBF44B2D-02B6-4769-85E1-E1805ADADEAF}.Release|x64.Build.0 = Release|Any CPU
		{FBF44B2D-02B6-4769-85E1-E1805ADADEAF}.Release|x86.ActiveCfg = Release|Any CPU
		{FBF44B2D-02B6-4769-85E1-E1805ADADEAF}.Release|x86.Build.0 = Release|Any CPU
		{4E939DB3-928D-4034-AB23-6E73351F513E}.Debug|Any CPU.ActiveCfg = Debug|Any CPU
		{4E939DB3-928D-4034-AB23-6E73351F513E}.Debug|Any CPU.Build.0 = Debug|Any CPU
		{4E939DB3-928D-4034-AB23-6E73351F513E}.Debug|x64.ActiveCfg = Debug|Any CPU
		{4E939DB3-928D-4034-AB23-6E73351F513E}.Debug|x64.Build.0 = Debug|Any CPU
		{4E939DB3-928D-4034-AB23-6E73351F513E}.Debug|x86.ActiveCfg = Debug|Any CPU
		{4E939DB3-928D-4034-AB23-6E73351F513E}.Debug|x86.Build.0 = Debug|Any CPU
		{4E939DB3-928D-4034-AB23-6E73351F513E}.Release|Any CPU.ActiveCfg = Release|Any CPU
		{4E939DB3-928D-4034-AB23-6E73351F513E}.Release|Any CPU.Build.0 = Release|Any CPU
		{4E939DB3-928D-4034-AB23-6E73351F513E}.Release|x64.ActiveCfg = Release|Any CPU
		{4E939DB3-928D-4034-AB23-6E73351F513E}.Release|x64.Build.0 = Release|Any CPU
		{4E939DB3-928D-4034-AB23-6E73351F513E}.Release|x86.ActiveCfg = Release|Any CPU
		{4E939DB3-928D-4034-AB23-6E73351F513E}.Release|x86.Build.0 = Release|Any CPU
		{2F8D1134-6562-49C3-BF3D-BA37530701E2}.Debug|Any CPU.ActiveCfg = Debug|Any CPU
		{2F8D1134-6562-49C3-BF3D-BA37530701E2}.Debug|Any CPU.Build.0 = Debug|Any CPU
		{2F8D1134-6562-49C3-BF3D-BA37530701E2}.Debug|x64.ActiveCfg = Debug|Any CPU
		{2F8D1134-6562-49C3-BF3D-BA37530701E2}.Debug|x64.Build.0 = Debug|Any CPU
		{2F8D1134-6562-49C3-BF3D-BA37530701E2}.Debug|x86.ActiveCfg = Debug|Any CPU
		{2F8D1134-6562-49C3-BF3D-BA37530701E2}.Debug|x86.Build.0 = Debug|Any CPU
		{2F8D1134-6562-49C3-BF3D-BA37530701E2}.Release|Any CPU.ActiveCfg = Release|Any CPU
		{2F8D1134-6562-49C3-BF3D-BA37530701E2}.Release|Any CPU.Build.0 = Release|Any CPU
		{2F8D1134-6562-49C3-BF3D-BA37530701E2}.Release|x64.ActiveCfg = Release|Any CPU
		{2F8D1134-6562-49C3-BF3D-BA37530701E2}.Release|x64.Build.0 = Release|Any CPU
		{2F8D1134-6562-49C3-BF3D-BA37530701E2}.Release|x86.ActiveCfg = Release|Any CPU
		{2F8D1134-6562-49C3-BF3D-BA37530701E2}.Release|x86.Build.0 = Release|Any CPU
	EndGlobalSection
	GlobalSection(SolutionProperties) = preSolution
		HideSolutionNode = FALSE
	EndGlobalSection
	GlobalSection(NestedProjects) = preSolution
		{FBF44B2D-02B6-4769-85E1-E1805ADADEAF} = {28FE8A84-781D-4306-A251-477A34B4B634}
		{4E939DB3-928D-4034-AB23-6E73351F513E} = {28FE8A84-781D-4306-A251-477A34B4B634}
		{2F8D1134-6562-49C3-BF3D-BA37530701E2} = {28FE8A84-781D-4306-A251-477A34B4B634}
	EndGlobalSection
	GlobalSection(ExtensibilityGlobals) = postSolution
		SolutionGuid = {C057C2BA-86AC-4F94-B7C5-5E139F6AE2EF}
	EndGlobalSection
EndGlobal
