
Microsoft Visual Studio Solution File, Format Version 12.00
# Visual Studio Version 16
VisualStudioVersion = 16.0.29613.14
MinimumVisualStudioVersion = 10.0.40219.1
Project("{FAE04EC0-301F-11D3-BF4B-00C04F79EFBC}") = "ProcEngine", "ProcEngine\ProcEngine.csproj", "{303329F6-C910-4043-81E5-5080659ECB28}"
EndProject
Project("{2150E333-8FDC-42A3-9474-1A3956D46DE8}") = "External", "External", "{8A99D189-71AA-44EF-9159-4B265D11FCF8}"
EndProject
Project("{FAE04EC0-301F-11D3-BF4B-00C04F79EFBC}") = "Net3dBool", "..\External\Net3dBool\src\Net3dBool\Net3dBool.csproj", "{7EE4636D-8A92-4015-9562-7FCD6ADD0645}"
EndProject
Global
	GlobalSection(SolutionConfigurationPlatforms) = preSolution
		Debug|Any CPU = Debug|Any CPU
		Debug|x64 = Debug|x64
		Debug|x86 = Debug|x86
		Release|Any CPU = Release|Any CPU
		Release|x64 = Release|x64
		Release|x86 = Release|x86
	EndGlobalSection
	GlobalSection(ProjectConfigurationPlatforms) = postSolution
		{303329F6-C910-4043-81E5-5080659ECB28}.Debug|Any CPU.ActiveCfg = Debug|x86
		{303329F6-C910-4043-81E5-5080659ECB28}.Debug|x64.ActiveCfg = Debug|x64
		{303329F6-C910-4043-81E5-5080659ECB28}.Debug|x64.Build.0 = Debug|x64
		{303329F6-C910-4043-81E5-5080659ECB28}.Debug|x86.ActiveCfg = Debug|x86
		{303329F6-C910-4043-81E5-5080659ECB28}.Debug|x86.Build.0 = Debug|x86
		{303329F6-C910-4043-81E5-5080659ECB28}.Release|Any CPU.ActiveCfg = Release|x86
		{303329F6-C910-4043-81E5-5080659ECB28}.Release|x64.ActiveCfg = Release|x64
		{303329F6-C910-4043-81E5-5080659ECB28}.Release|x86.ActiveCfg = Release|x86
		{303329F6-C910-4043-81E5-5080659ECB28}.Release|x86.Build.0 = Release|x86
		{7EE4636D-8A92-4015-9562-7FCD6ADD0645}.Debug|Any CPU.ActiveCfg = Debug|Any CPU
		{7EE4636D-8A92-4015-9562-7FCD6ADD0645}.Debug|Any CPU.Build.0 = Debug|Any CPU
		{7EE4636D-8A92-4015-9562-7FCD6ADD0645}.Debug|x64.ActiveCfg = Debug|x64
		{7EE4636D-8A92-4015-9562-7FCD6ADD0645}.Debug|x64.Build.0 = Debug|x64
		{7EE4636D-8A92-4015-9562-7FCD6ADD0645}.Debug|x86.ActiveCfg = Debug|Any CPU
		{7EE4636D-8A92-4015-9562-7FCD6ADD0645}.Debug|x86.Build.0 = Debug|Any CPU
		{7EE4636D-8A92-4015-9562-7FCD6ADD0645}.Release|Any CPU.ActiveCfg = Release|Any CPU
		{7EE4636D-8A92-4015-9562-7FCD6ADD0645}.Release|Any CPU.Build.0 = Release|Any CPU
		{7EE4636D-8A92-4015-9562-7FCD6ADD0645}.Release|x64.ActiveCfg = Release|x64
		{7EE4636D-8A92-4015-9562-7FCD6ADD0645}.Release|x64.Build.0 = Release|x64
		{7EE4636D-8A92-4015-9562-7FCD6ADD0645}.Release|x86.ActiveCfg = Release|Any CPU
		{7EE4636D-8A92-4015-9562-7FCD6ADD0645}.Release|x86.Build.0 = Release|Any CPU
	EndGlobalSection
	GlobalSection(SolutionProperties) = preSolution
		HideSolutionNode = FALSE
	EndGlobalSection
	GlobalSection(NestedProjects) = preSolution
		{7EE4636D-8A92-4015-9562-7FCD6ADD0645} = {8A99D189-71AA-44EF-9159-4B265D11FCF8}
	EndGlobalSection
	GlobalSection(ExtensibilityGlobals) = postSolution
		SolutionGuid = {C057C2BA-86AC-4F94-B7C5-5E139F6AE2EF}
	EndGlobalSection
EndGlobal
